
Microsoft Visual Studio Solution File, Format Version 12.00
# Visual Studio Version 18
VisualStudioVersion = 18.4.11612.150 stable
MinimumVisualStudioVersion = 10.0.40219.1
Project("{FAE04EC0-301F-11D3-BF4B-00C04F79EFBC}") = "punto 1", "punto 1\punto 1.csproj", "{A42A4F0F-E2A4-4ABB-823E-68B2EE8A373B}"
EndProject
Project("{FAE04EC0-301F-11D3-BF4B-00C04F79EFBC}") = "punto 3", "punto 3\punto 3.csproj", "{0439835E-172A-4513-BC43-65143D24B261}"
EndProject
Project("{FAE04EC0-301F-11D3-BF4B-00C04F79EFBC}") = "punto 4", "punto 4\punto 4.csproj", "{17929124-2779-4695-9D63-533FB0C4F3DE}"
EndProject
Global
	GlobalSection(SolutionConfigurationPlatforms) = preSolution
		Debug|Any CPU = Debug|Any CPU
		Release|Any CPU = Release|Any CPU
	EndGlobalSection
	GlobalSection(ProjectConfigurationPlatforms) = postSolution
		{A42A4F0F-E2A4-4ABB-823E-68B2EE8A373B}.Debug|Any CPU.ActiveCfg = Debug|Any CPU
		{A42A4F0F-E2A4-4ABB-823E-68B2EE8A373B}.Debug|Any CPU.Build.0 = Debug|Any CPU
		{A42A4F0F-E2A4-4ABB-823E-68B2EE8A373B}.Release|Any CPU.ActiveCfg = Release|Any CPU
		{A42A4F0F-E2A4-4ABB-823E-68B2EE8A373B}.Release|Any CPU.Build.0 = Release|Any CPU
		{0439835E-172A-4513-BC43-65143D24B261}.Debug|Any CPU.ActiveCfg = Debug|Any CPU
		{0439835E-172A-4513-BC43-65143D24B261}.Debug|Any CPU.Build.0 = Debug|Any CPU
		{0439835E-172A-4513-BC43-65143D24B261}.Release|Any CPU.ActiveCfg = Release|Any CPU
		{0439835E-172A-4513-BC43-65143D24B261}.Release|Any CPU.Build.0 = Release|Any CPU
		{17929124-2779-4695-9D63-533FB0C4F3DE}.Debug|Any CPU.ActiveCfg = Debug|Any CPU
		{17929124-2779-4695-9D63-533FB0C4F3DE}.Debug|Any CPU.Build.0 = Debug|Any CPU
		{17929124-2779-4695-9D63-533FB0C4F3DE}.Release|Any CPU.ActiveCfg = Release|Any CPU
		{17929124-2779-4695-9D63-533FB0C4F3DE}.Release|Any CPU.Build.0 = Release|Any CPU
	EndGlobalSection
	GlobalSection(SolutionProperties) = preSolution
		HideSolutionNode = FALSE
	EndGlobalSection
	GlobalSection(ExtensibilityGlobals) = postSolution
		SolutionGuid = {F8A7B017-1864-4D62-A6E3-659E32E4C952}
	EndGlobalSection
EndGlobal
