<Solution>
  <Project Path="punto 3/punto 3.csproj" Id="0918772d-1dbd-44fe-a87d-b24dc1dc2957" />
  <Project Path="punto1/punto1.csproj" Id="5dbcdfd0-d455-480c-8913-8ea53845cf76" />
  <Project Path="punto2/punto2.csproj" Id="e08c38e6-f2f9-42eb-abd7-7d9968751080" />
  <Project Path="Punto4/Punto4.csproj" Id="f2687fbb-e1cd-42e4-b0f3-0e03936d3820" />
</Solution>
