
Microsoft Visual Studio Solution File, Format Version 12.00
# Visual Studio Version 17
VisualStudioVersion = 17.14.37411.7
MinimumVisualStudioVersion = 10.0.40219.1
Project("{FAE04EC0-301F-11D3-BF4B-00C04F79EFBC}") = "punto1", "punto1\punto1.csproj", "{17E30D46-116F-4255-B83B-9B83D22463D2}"
EndProject
Project("{FAE04EC0-301F-11D3-BF4B-00C04F79EFBC}") = "punto2", "punto2\punto2.csproj", "{A9746F9B-0FA5-4113-81E8-24CEC91CFD19}"
EndProject
Project("{FAE04EC0-301F-11D3-BF4B-00C04F79EFBC}") = "punto3", "punto3\punto3.csproj", "{39A732D6-DC9D-4A5E-9F7B-163E1ADD9001}"
EndProject
Project("{FAE04EC0-301F-11D3-BF4B-00C04F79EFBC}") = "punto4", "punto4\punto4.csproj", "{CA70793F-032B-489E-B71D-B09DDE894688}"
EndProject
Project("{FAE04EC0-301F-11D3-BF4B-00C04F79EFBC}") = "punto5", "punto5\punto5.csproj", "{E6764B57-158B-4B28-A03C-458E68BB0342}"
EndProject
Global
	GlobalSection(SolutionConfigurationPlatforms) = preSolution
		Debug|Any CPU = Debug|Any CPU
		Release|Any CPU = Release|Any CPU
	EndGlobalSection
	GlobalSection(ProjectConfigurationPlatforms) = postSolution
		{17E30D46-116F-4255-B83B-9B83D22463D2}.Debug|Any CPU.ActiveCfg = Debug|Any CPU
		{17E30D46-116F-4255-B83B-9B83D22463D2}.Debug|Any CPU.Build.0 = Debug|Any CPU
		{17E30D46-116F-4255-B83B-9B83D22463D2}.Release|Any CPU.ActiveCfg = Release|Any CPU
		{17E30D46-116F-4255-B83B-9B83D22463D2}.Release|Any CPU.Build.0 = Release|Any CPU
		{A9746F9B-0FA5-4113-81E8-24CEC91CFD19}.Debug|Any CPU.ActiveCfg = Debug|Any CPU
		{A9746F9B-0FA5-4113-81E8-24CEC91CFD19}.Debug|Any CPU.Build.0 = Debug|Any CPU
		{A9746F9B-0FA5-4113-81E8-24CEC91CFD19}.Release|Any CPU.ActiveCfg = Release|Any CPU
		{A9746F9B-0FA5-4113-81E8-24CEC91CFD19}.Release|Any CPU.Build.0 = Release|Any CPU
		{39A732D6-DC9D-4A5E-9F7B-163E1ADD9001}.Debug|Any CPU.ActiveCfg = Debug|Any CPU
		{39A732D6-DC9D-4A5E-9F7B-163E1ADD9001}.Debug|Any CPU.Build.0 = Debug|Any CPU
		{39A732D6-DC9D-4A5E-9F7B-163E1ADD9001}.Release|Any CPU.ActiveCfg = Release|Any CPU
		{39A732D6-DC9D-4A5E-9F7B-163E1ADD9001}.Release|Any CPU.Build.0 = Release|Any CPU
		{CA70793F-032B-489E-B71D-B09DDE894688}.Debug|Any CPU.ActiveCfg = Debug|Any CPU
		{CA70793F-032B-489E-B71D-B09DDE894688}.Debug|Any CPU.Build.0 = Debug|Any CPU
		{CA70793F-032B-489E-B71D-B09DDE894688}.Release|Any CPU.ActiveCfg = Release|Any CPU
		{CA70793F-032B-489E-B71D-B09DDE894688}.Release|Any CPU.Build.0 = Release|Any CPU
		{E6764B57-158B-4B28-A03C-458E68BB0342}.Debug|Any CPU.ActiveCfg = Debug|Any CPU
		{E6764B57-158B-4B28-A03C-458E68BB0342}.Debug|Any CPU.Build.0 = Debug|Any CPU
		{E6764B57-158B-4B28-A03C-458E68BB0342}.Release|Any CPU.ActiveCfg = Release|Any CPU
		{E6764B57-158B-4B28-A03C-458E68BB0342}.Release|Any CPU.Build.0 = Release|Any CPU
	EndGlobalSection
	GlobalSection(SolutionProperties) = preSolution
		HideSolutionNode = FALSE
	EndGlobalSection
	GlobalSection(ExtensibilityGlobals) = postSolution
		SolutionGuid = {51A89D6D-EA99-40AD-978C-A3C621DF9454}
	EndGlobalSection
EndGlobal
