<Solution>
  <Project Path="punto 2/punto 2.csproj" Id="e5ce3667-130d-430c-a9de-72376f83fa2b" />
  <Project Path="punto 3/punto 3.csproj" Id="a1f7ecdf-1400-4cc9-8acc-e314db41095d" />
  <Project Path="punto 4/punto 4.csproj" Id="f6f42c3a-3cf2-4ed5-89cd-e38dfab91482" />
  <Project Path="punto1/punto1.csproj" Id="faa08d7e-2235-4414-a70d-59dc16b84afd" />
</Solution>
