
Microsoft Visual Studio Solution File, Format Version 12.00
# Visual Studio Version 17
VisualStudioVersion = 17.13.35931.197
MinimumVisualStudioVersion = 10.0.40219.1
Project("{FAE04EC0-301F-11D3-BF4B-00C04F79EFBC}") = "punto1", "punto1\punto1.csproj", "{53DD5880-E845-4C6A-8099-936D5DE07B0E}"
EndProject
Project("{FAE04EC0-301F-11D3-BF4B-00C04F79EFBC}") = "punto 2", "punto 2\punto 2.csproj", "{C8F34690-561D-4F86-BC82-00DBD56EE2A7}"
EndProject
Project("{FAE04EC0-301F-11D3-BF4B-00C04F79EFBC}") = "punto 3", "punto 3\punto 3.csproj", "{A9042032-5C62-487A-8480-82C133082AF3}"
EndProject
Project("{FAE04EC0-301F-11D3-BF4B-00C04F79EFBC}") = "punto 4", "punto 4\punto 4.csproj", "{9CD3008B-368F-479F-B745-BB39A027DCAA}"
EndProject
Global
	GlobalSection(SolutionConfigurationPlatforms) = preSolution
		Debug|Any CPU = Debug|Any CPU
		Release|Any CPU = Release|Any CPU
	EndGlobalSection
	GlobalSection(ProjectConfigurationPlatforms) = postSolution
		{53DD5880-E845-4C6A-8099-936D5DE07B0E}.Debug|Any CPU.ActiveCfg = Debug|Any CPU
		{53DD5880-E845-4C6A-8099-936D5DE07B0E}.Debug|Any CPU.Build.0 = Debug|Any CPU
		{53DD5880-E845-4C6A-8099-936D5DE07B0E}.Release|Any CPU.ActiveCfg = Release|Any CPU
		{53DD5880-E845-4C6A-8099-936D5DE07B0E}.Release|Any CPU.Build.0 = Release|Any CPU
		{C8F34690-561D-4F86-BC82-00DBD56EE2A7}.Debug|Any CPU.ActiveCfg = Debug|Any CPU
		{C8F34690-561D-4F86-BC82-00DBD56EE2A7}.Debug|Any CPU.Build.0 = Debug|Any CPU
		{C8F34690-561D-4F86-BC82-00DBD56EE2A7}.Release|Any CPU.ActiveCfg = Release|Any CPU
		{C8F34690-561D-4F86-BC82-00DBD56EE2A7}.Release|Any CPU.Build.0 = Release|Any CPU
		{A9042032-5C62-487A-8480-82C133082AF3}.Debug|Any CPU.ActiveCfg = Debug|Any CPU
		{A9042032-5C62-487A-8480-82C133082AF3}.Debug|Any CPU.Build.0 = Debug|Any CPU
		{A9042032-5C62-487A-8480-82C133082AF3}.Release|Any CPU.ActiveCfg = Release|Any CPU
		{A9042032-5C62-487A-8480-82C133082AF3}.Release|Any CPU.Build.0 = Release|Any CPU
		{9CD3008B-368F-479F-B745-BB39A027DCAA}.Debug|Any CPU.ActiveCfg = Debug|Any CPU
		{9CD3008B-368F-479F-B745-BB39A027DCAA}.Debug|Any CPU.Build.0 = Debug|Any CPU
		{9CD3008B-368F-479F-B745-BB39A027DCAA}.Release|Any CPU.ActiveCfg = Release|Any CPU
		{9CD3008B-368F-479F-B745-BB39A027DCAA}.Release|Any CPU.Build.0 = Release|Any CPU
	EndGlobalSection
	GlobalSection(SolutionProperties) = preSolution
		HideSolutionNode = FALSE
	EndGlobalSection
	GlobalSection(ExtensibilityGlobals) = postSolution
		SolutionGuid = {82714573-9CCD-406F-8A28-AA4F037C8725}
	EndGlobalSection
EndGlobal
