<Solution>
  <Project Path="punto1/punto1.csproj" Id="1733794c-c21e-40d0-b908-42cc3c9983fd" />
  <Project Path="punto2/punto2.csproj" Id="13a78188-e355-411b-b93a-e6376cb64ff3" />
  <Project Path="punto3/punto3.csproj" Id="7116d812-8e0b-4802-a09b-ad6499ce172b" />
  <Project Path="punto4/punto4.csproj" Id="2d0f1265-9e9a-4c1f-9b45-d15be1416fcf" />
</Solution>
