
Microsoft Visual Studio Solution File, Format Version 12.00
# Visual Studio Version 17
VisualStudioVersion = 17.13.35931.197
MinimumVisualStudioVersion = 10.0.40219.1
Project("{FAE04EC0-301F-11D3-BF4B-00C04F79EFBC}") = "punto1", "punto1\punto1.csproj", "{EEA2E911-A957-4623-A6B4-18F4074B7B23}"
EndProject
Project("{FAE04EC0-301F-11D3-BF4B-00C04F79EFBC}") = "punto2", "punto2\punto2.csproj", "{8133EAC1-E1C5-4847-9441-B3A6EAD4231B}"
EndProject
Project("{FAE04EC0-301F-11D3-BF4B-00C04F79EFBC}") = "punto 3", "punto 3\punto 3.csproj", "{416DD411-4992-49C9-8123-E4DEA451504C}"
EndProject
Project("{FAE04EC0-301F-11D3-BF4B-00C04F79EFBC}") = "punto4", "punto4\punto4.csproj", "{03B3FEC6-900C-42C4-A45D-E52E23A81BD1}"
EndProject
Project("{FAE04EC0-301F-11D3-BF4B-00C04F79EFBC}") = "punto 5", "punto 5\punto 5.csproj", "{92E357BB-04E5-44DD-975E-5774EB2874F4}"
EndProject
Global
	GlobalSection(SolutionConfigurationPlatforms) = preSolution
		Debug|Any CPU = Debug|Any CPU
		Release|Any CPU = Release|Any CPU
	EndGlobalSection
	GlobalSection(ProjectConfigurationPlatforms) = postSolution
		{EEA2E911-A957-4623-A6B4-18F4074B7B23}.Debug|Any CPU.ActiveCfg = Debug|Any CPU
		{EEA2E911-A957-4623-A6B4-18F4074B7B23}.Debug|Any CPU.Build.0 = Debug|Any CPU
		{EEA2E911-A957-4623-A6B4-18F4074B7B23}.Release|Any CPU.ActiveCfg = Release|Any CPU
		{EEA2E911-A957-4623-A6B4-18F4074B7B23}.Release|Any CPU.Build.0 = Release|Any CPU
		{8133EAC1-E1C5-4847-9441-B3A6EAD4231B}.Debug|Any CPU.ActiveCfg = Debug|Any CPU
		{8133EAC1-E1C5-4847-9441-B3A6EAD4231B}.Debug|Any CPU.Build.0 = Debug|Any CPU
		{8133EAC1-E1C5-4847-9441-B3A6EAD4231B}.Release|Any CPU.ActiveCfg = Release|Any CPU
		{8133EAC1-E1C5-4847-9441-B3A6EAD4231B}.Release|Any CPU.Build.0 = Release|Any CPU
		{416DD411-4992-49C9-8123-E4DEA451504C}.Debug|Any CPU.ActiveCfg = Debug|Any CPU
		{416DD411-4992-49C9-8123-E4DEA451504C}.Debug|Any CPU.Build.0 = Debug|Any CPU
		{416DD411-4992-49C9-8123-E4DEA451504C}.Release|Any CPU.ActiveCfg = Release|Any CPU
		{416DD411-4992-49C9-8123-E4DEA451504C}.Release|Any CPU.Build.0 = Release|Any CPU
		{03B3FEC6-900C-42C4-A45D-E52E23A81BD1}.Debug|Any CPU.ActiveCfg = Debug|Any CPU
		{03B3FEC6-900C-42C4-A45D-E52E23A81BD1}.Debug|Any CPU.Build.0 = Debug|Any CPU
		{03B3FEC6-900C-42C4-A45D-E52E23A81BD1}.Release|Any CPU.ActiveCfg = Release|Any CPU
		{03B3FEC6-900C-42C4-A45D-E52E23A81BD1}.Release|Any CPU.Build.0 = Release|Any CPU
		{92E357BB-04E5-44DD-975E-5774EB2874F4}.Debug|Any CPU.ActiveCfg = Debug|Any CPU
		{92E357BB-04E5-44DD-975E-5774EB2874F4}.Debug|Any CPU.Build.0 = Debug|Any CPU
		{92E357BB-04E5-44DD-975E-5774EB2874F4}.Release|Any CPU.ActiveCfg = Release|Any CPU
		{92E357BB-04E5-44DD-975E-5774EB2874F4}.Release|Any CPU.Build.0 = Release|Any CPU
	EndGlobalSection
	GlobalSection(SolutionProperties) = preSolution
		HideSolutionNode = FALSE
	EndGlobalSection
	GlobalSection(ExtensibilityGlobals) = postSolution
		SolutionGuid = {5C5B65DB-AB94-4CF3-815F-76BA5314384F}
	EndGlobalSection
EndGlobal
